// !$*UTF8*$!
{
	archiveVersion = 1;
	classes = {
	};
	objectVersion = 50;
	objects = {

/* Begin PBXBuildFile section */
		1A79631D210049A900D5A4FD /* Vectors.framework in Frameworks */ = {isa = PBXBuildFile; fileRef = 1A796313210049A900D5A4FD /* Vectors.framework */; };
		1A796322210049A900D5A4FD /* VectorsTests.swift in Sources */ = {isa = PBXBuildFile; fileRef = 1A796321210049A900D5A4FD /* VectorsTests.swift */; };
		1A796324210049A900D5A4FD /* Vectors.h in Headers */ = {isa = PBXBuildFile; fileRef = 1A796316210049A900D5A4FD /* Vectors.h */; settings = {ATTRIBUTES = (Public, ); }; };
		1A79632E21004A2A00D5A4FD /* Vectors.swift in Sources */ = {isa = PBXBuildFile; fileRef = 1A79632D21004A2A00D5A4FD /* Vectors.swift */; };
		1A79632F21004A2A00D5A4FD /* Vectors.swift in Sources */ = {isa = PBXBuildFile; fileRef = 1A79632D21004A2A00D5A4FD /* Vectors.swift */; };
/* End PBXBuildFile section */

/* Begin PBXContainerItemProxy section */
		1A79631E210049A900D5A4FD /* PBXContainerItemProxy */ = {
			isa = PBXContainerItemProxy;
			containerPortal = 1A79630A210049A900D5A4FD /* Project object */;
			proxyType = 1;
			remoteGlobalIDString = 1A796312210049A900D5A4FD;
			remoteInfo = Vectors;
		};
/* End PBXContainerItemProxy section */

/* Begin PBXFileReference section */
		1A796313210049A900D5A4FD /* Vectors.framework */ = {isa = PBXFileReference; explicitFileType = wrapper.framework; includeInIndex = 0; path = Vectors.framework; sourceTree = BUILT_PRODUCTS_DIR; };
		1A796316210049A900D5A4FD /* Vectors.h */ = {isa = PBXFileReference; lastKnownFileType = sourcecode.c.h; path = Vectors.h; sourceTree = "<group>"; };
		1A796317210049A900D5A4FD /* Info.plist */ = {isa = PBXFileReference; lastKnownFileType = text.plist.xml; path = Info.plist; sourceTree = "<group>"; };
		1A79631C210049A900D5A4FD /* VectorsTests.xctest */ = {isa = PBXFileReference; explicitFileType = wrapper.cfbundle; includeInIndex = 0; path = VectorsTests.xctest; sourceTree = BUILT_PRODUCTS_DIR; };
		1A796321210049A900D5A4FD /* VectorsTests.swift */ = {isa = PBXFileReference; lastKnownFileType = sourcecode.swift; path = VectorsTests.swift; sourceTree = "<group>"; };
		1A796323210049A900D5A4FD /* Info.plist */ = {isa = PBXFileReference; lastKnownFileType = text.plist.xml; path = Info.plist; sourceTree = "<group>"; };
		1A79632D21004A2A00D5A4FD /* Vectors.swift */ = {isa = PBXFileReference; lastKnownFileType = sourcecode.swift; path = Vectors.swift; sourceTree = "<group>"; };
/* End PBXFileReference section */

/* Begin PBXFrameworksBuildPhase section */
		1A79630F210049A900D5A4FD /* Frameworks */ = {
			isa = PBXFrameworksBuildPhase;
			buildActionMask = 2147483647;
			files = (
			);
			runOnlyForDeploymentPostprocessing = 0;
		};
		1A796319210049A900D5A4FD /* Frameworks */ = {
			isa = PBXFrameworksBuildPhase;
			buildActionMask = 2147483647;
			files = (
				1A79631D210049A900D5A4FD /* Vectors.framework in Frameworks */,
			);
			runOnlyForDeploymentPostprocessing = 0;
		};
/* End PBXFrameworksBuildPhase section */

/* Begin PBXGroup section */
		1A796309210049A900D5A4FD = {
			isa = PBXGroup;
			children = (
				1A796315210049A900D5A4FD /* Vectors */,
				1A796320210049A900D5A4FD /* VectorsTests */,
				1A796314210049A900D5A4FD /* Products */,
			);
			sourceTree = "<group>";
		};
		1A796314210049A900D5A4FD /* Products */ = {
			isa = PBXGroup;
			children = (
				1A796313210049A900D5A4FD /* Vectors.framework */,
				1A79631C210049A900D5A4FD /* VectorsTests.xctest */,
			);
			name = Products;
			sourceTree = "<group>";
		};
		1A796315210049A900D5A4FD /* Vectors */ = {
			isa = PBXGroup;
			children = (
				1A796316210049A900D5A4FD /* Vectors.h */,
				1A796317210049A900D5A4FD /* Info.plist */,
				1A79632D21004A2A00D5A4FD /* Vectors.swift */,
			);
			path = Vectors;
			sourceTree = "<group>";
		};
		1A796320210049A900D5A4FD /* VectorsTests */ = {
			isa = PBXGroup;
			children = (
				1A796321210049A900D5A4FD /* VectorsTests.swift */,
				1A796323210049A900D5A4FD /* Info.plist */,
			);
			path = VectorsTests;
			sourceTree = "<group>";
		};
/* End PBXGroup section */

/* Begin PBXHeadersBuildPhase section */
		1A796310210049A900D5A4FD /* Headers */ = {
			isa = PBXHeadersBuildPhase;
			buildActionMask = 2147483647;
			files = (
				1A796324210049A900D5A4FD /* Vectors.h in Headers */,
			);
			runOnlyForDeploymentPostprocessing = 0;
		};
/* End PBXHeadersBuildPhase section */

/* Begin PBXNativeTarget section */
		1A796312210049A900D5A4FD /* Vectors */ = {
			isa = PBXNativeTarget;
			buildConfigurationList = 1A796327210049A900D5A4FD /* Build configuration list for PBXNativeTarget "Vectors" */;
			buildPhases = (
				1A79630E210049A900D5A4FD /* Sources */,
				1A79630F210049A900D5A4FD /* Frameworks */,
				1A796310210049A900D5A4FD /* Headers */,
				1A796311210049A900D5A4FD /* Resources */,
			);
			buildRules = (
			);
			dependencies = (
			);
			name = Vectors;
			productName = Vectors;
			productReference = 1A796313210049A900D5A4FD /* Vectors.framework */;
			productType = "com.apple.product-type.framework";
		};
		1A79631B210049A900D5A4FD /* VectorsTests */ = {
			isa = PBXNativeTarget;
			buildConfigurationList = 1A79632A210049A900D5A4FD /* Build configuration list for PBXNativeTarget "VectorsTests" */;
			buildPhases = (
				1A796318210049A900D5A4FD /* Sources */,
				1A796319210049A900D5A4FD /* Frameworks */,
				1A79631A210049A900D5A4FD /* Resources */,
			);
			buildRules = (
			);
			dependencies = (
				1A79631F210049A900D5A4FD /* PBXTargetDependency */,
			);
			name = VectorsTests;
			productName = VectorsTests;
			productReference = 1A79631C210049A900D5A4FD /* VectorsTests.xctest */;
			productType = "com.apple.product-type.bundle.unit-test";
		};
/* End PBXNativeTarget section */

/* Begin PBXProject section */
		1A79630A210049A900D5A4FD /* Project object */ = {
			isa = PBXProject;
			attributes = {
				LastSwiftUpdateCheck = 0940;
				LastUpgradeCheck = 0940;
				ORGANIZATIONNAME = "Lo Chiwei";
				TargetAttributes = {
					1A796312210049A900D5A4FD = {
						CreatedOnToolsVersion = 9.4.1;
						LastSwiftMigration = 0940;
					};
					1A79631B210049A900D5A4FD = {
						CreatedOnToolsVersion = 9.4.1;
					};
				};
			};
			buildConfigurationList = 1A79630D210049A900D5A4FD /* Build configuration list for PBXProject "Vectors" */;
			compatibilityVersion = "Xcode 9.3";
			developmentRegion = en;
			hasScannedForEncodings = 0;
			knownRegions = (
				en,
			);
			mainGroup = 1A796309210049A900D5A4FD;
			productRefGroup = 1A796314210049A900D5A4FD /* Products */;
			projectDirPath = "";
			projectRoot = "";
			targets = (
				1A796312210049A900D5A4FD /* Vectors */,
				1A79631B210049A900D5A4FD /* VectorsTests */,
			);
		};
/* End PBXProject section */

/* Begin PBXResourcesBuildPhase section */
		1A796311210049A900D5A4FD /* Resources */ = {
			isa = PBXResourcesBuildPhase;
			buildActionMask = 2147483647;
			files = (
			);
			runOnlyForDeploymentPostprocessing = 0;
		};
		1A79631A210049A900D5A4FD /* Resources */ = {
			isa = PBXResourcesBuildPhase;
			buildActionMask = 2147483647;
			files = (
			);
			runOnlyForDeploymentPostprocessing = 0;
		};
/* End PBXResourcesBuildPhase section */

/* Begin PBXSourcesBuildPhase section */
		1A79630E210049A900D5A4FD /* Sources */ = {
			isa = PBXSourcesBuildPhase;
			buildActionMask = 2147483647;
			files = (
				1A79632E21004A2A00D5A4FD /* Vectors.swift in Sources */,
			);
			runOnlyForDeploymentPostprocessing = 0;
		};
		1A796318210049A900D5A4FD /* Sources */ = {
			isa = PBXSourcesBuildPhase;
			buildActionMask = 2147483647;
			files = (
				1A79632F21004A2A00D5A4FD /* Vectors.swift in Sources */,
				1A796322210049A900D5A4FD /* VectorsTests.swift in Sources */,
			);
			runOnlyForDeploymentPostprocessing = 0;
		};
/* End PBXSourcesBuildPhase section */

/* Begin PBXTargetDependency section */
		1A79631F210049A900D5A4FD /* PBXTargetDependency */ = {
			isa = PBXTargetDependency;
			target = 1A796312210049A900D5A4FD /* Vectors */;
			targetProxy = 1A79631E210049A900D5A4FD /* PBXContainerItemProxy */;
		};
/* End PBXTargetDependency section */

/* Begin XCBuildConfiguration section */
		1A796325210049A900D5A4FD /* Debug */ = {
			isa = XCBuildConfiguration;
			buildSettings = {
				ALWAYS_SEARCH_USER_PATHS = NO;
				CLANG_ANALYZER_NONNULL = YES;
				CLANG_ANALYZER_NUMBER_OBJECT_CONVERSION = YES_AGGRESSIVE;
				CLANG_CXX_LANGUAGE_STANDARD = "gnu++14";
				CLANG_CXX_LIBRARY = "libc++";
				CLANG_ENABLE_MODULES = YES;
				CLANG_ENABLE_OBJC_ARC = YES;
				CLANG_ENABLE_OBJC_WEAK = YES;
				CLANG_WARN_BLOCK_CAPTURE_AUTORELEASING = YES;
				CLANG_WARN_BOOL_CONVERSION = YES;
				CLANG_WARN_COMMA = YES;
				CLANG_WARN_CONSTANT_CONVERSION = YES;
				CLANG_WARN_DEPRECATED_OBJC_IMPLEMENTATIONS = YES;
				CLANG_WARN_DIRECT_OBJC_ISA_USAGE = YES_ERROR;
				CLANG_WARN_DOCUMENTATION_COMMENTS = YES;
				CLANG_WARN_EMPTY_BODY = YES;
				CLANG_WARN_ENUM_CONVERSION = YES;
				CLANG_WARN_INFINITE_RECURSION = YES;
				CLANG_WARN_INT_CONVERSION = YES;
				CLANG_WARN_NON_LITERAL_NULL_CONVERSION = YES;
				CLANG_WARN_OBJC_IMPLICIT_RETAIN_SELF = YES;
				CLANG_WARN_OBJC_LITERAL_CONVERSION = YES;
				CLANG_WARN_OBJC_ROOT_CLASS = YES_ERROR;
				CLANG_WARN_RANGE_LOOP_ANALYSIS = YES;
				CLANG_WARN_STRICT_PROTOTYPES = YES;
				CLANG_WARN_SUSPICIOUS_MOVE = YES;
				CLANG_WARN_UNGUARDED_AVAILABILITY = YES_AGGRESSIVE;
				CLANG_WARN_UNREACHABLE_CODE = YES;
				CLANG_WARN__DUPLICATE_METHOD_MATCH = YES;
				CODE_SIGN_IDENTITY = "iPhone Developer";
				COPY_PHASE_STRIP = NO;
				CURRENT_PROJECT_VERSION = 1;
				DEBUG_INFORMATION_FORMAT = dwarf;
				ENABLE_STRICT_OBJC_MSGSEND = YES;
				ENABLE_TESTABILITY = YES;
				GCC_C_LANGUAGE_STANDARD = gnu11;
				GCC_DYNAMIC_NO_PIC = NO;
				GCC_NO_COMMON_BLOCKS = YES;
				GCC_OPTIMIZATION_LEVEL = 0;
				GCC_PREPROCESSOR_DEFINITIONS = (
					"DEBUG=1",
					"$(inherited)",
				);
				GCC_WARN_64_TO_32_BIT_CONVERSION = YES;
				GCC_WARN_ABOUT_RETURN_TYPE = YES_ERROR;
				GCC_WARN_UNDECLARED_SELECTOR = YES;
				GCC_WARN_UNINITIALIZED_AUTOS = YES_AGGRESSIVE;
				GCC_WARN_UNUSED_FUNCTION = YES;
				GCC_WARN_UNUSED_VARIABLE = YES;
				IPHONEOS_DEPLOYMENT_TARGET = 11.4;
				MTL_ENABLE_DEBUG_INFO = YES;
				ONLY_ACTIVE_ARCH = YES;
				SDKROOT = iphoneos;
				SWIFT_ACTIVE_COMPILATION_CONDITIONS = DEBUG;
				SWIFT_OPTIMIZATION_LEVEL = "-Onone";
				VERSIONING_SYSTEM = "apple-generic";
				VERSION_INFO_PREFIX = "";
			};
			name = Debug;
		};
		1A796326210049A900D5A4FD /* Release */ = {
			isa = XCBuildConfiguration;
			buildSettings = {
				ALWAYS_SEARCH_USER_PATHS = NO;
				CLANG_ANALYZER_NONNULL = YES;
				CLANG_ANALYZER_NUMBER_OBJECT_CONVERSION = YES_AGGRESSIVE;
				CLANG_CXX_LANGUAGE_STANDARD = "gnu++14";
				CLANG_CXX_LIBRARY = "libc++";
				CLANG_ENABLE_MODULES = YES;
				CLANG_ENABLE_OBJC_ARC = YES;
				CLANG_ENABLE_OBJC_WEAK = YES;
				CLANG_WARN_BLOCK_CAPTURE_AUTORELEASING = YES;
				CLANG_WARN_BOOL_CONVERSION = YES;
				CLANG_WARN_COMMA = YES;
				CLANG_WARN_CONSTANT_CONVERSION = YES;
				CLANG_WARN_DEPRECATED_OBJC_IMPLEMENTATIONS = YES;
				CLANG_WARN_DIRECT_OBJC_ISA_USAGE = YES_ERROR;
				CLANG_WARN_DOCUMENTATION_COMMENTS = YES;
				CLANG_WARN_EMPTY_BODY = YES;
				CLANG_WARN_ENUM_CONVERSION = YES;
				CLANG_WARN_INFINITE_RECURSION = YES;
				CLANG_WARN_INT_CONVERSION = YES;
				CLANG_WARN_NON_LITERAL_NULL_CONVERSION = YES;
				CLANG_WARN_OBJC_IMPLICIT_RETAIN_SELF = YES;
				CLANG_WARN_OBJC_LITERAL_CONVERSION = YES;
				CLANG_WARN_OBJC_ROOT_CLASS = YES_ERROR;
				CLANG_WARN_RANGE_LOOP_ANALYSIS = YES;
				CLANG_WARN_STRICT_PROTOTYPES = YES;
				CLANG_WARN_SUSPICIOUS_MOVE = YES;
				CLANG_WARN_UNGUARDED_AVAILABILITY = YES_AGGRESSIVE;
				CLANG_WARN_UNREACHABLE_CODE = YES;
				CLANG_WARN__DUPLICATE_METHOD_MATCH = YES;
				CODE_SIGN_IDENTITY = "iPhone Developer";
				COPY_PHASE_STRIP = NO;
				CURRENT_PROJECT_VERSION = 1;
				DEBUG_INFORMATION_FORMAT = "dwarf-with-dsym";
				ENABLE_NS_ASSERTIONS = NO;
				ENABLE_STRICT_OBJC_MSGSEND = YES;
				GCC_C_LANGUAGE_STANDARD = gnu11;
				GCC_NO_COMMON_BLOCKS = YES;
				GCC_WARN_64_TO_32_BIT_CONVERSION = YES;
				GCC_WARN_ABOUT_RETURN_TYPE = YES_ERROR;
				GCC_WARN_UNDECLARED_SELECTOR = YES;
				GCC_WARN_UNINITIALIZED_AUTOS = YES_AGGRESSIVE;
				GCC_WARN_UNUSED_FUNCTION = YES;
				GCC_WARN_UNUSED_VARIABLE = YES;
				IPHONEOS_DEPLOYMENT_TARGET = 11.4;
				MTL_ENABLE_DEBUG_INFO = NO;
				SDKROOT = iphoneos;
				SWIFT_COMPILATION_MODE = wholemodule;
				SWIFT_OPTIMIZATION_LEVEL = "-O";
				VALIDATE_PRODUCT = YES;
				VERSIONING_SYSTEM = "apple-generic";
				VERSION_INFO_PREFIX = "";
			};
			name = Release;
		};
		1A796328210049A900D5A4FD /* Debug */ = {
			isa = XCBuildConfiguration;
			buildSettings = {
				CLANG_ENABLE_MODULES = YES;
				CODE_SIGN_IDENTITY = "";
				CODE_SIGN_STYLE = Automatic;
				DEFINES_MODULE = YES;
				DEVELOPMENT_TEAM = 37W4K5Y2Y5;
				DYLIB_COMPATIBILITY_VERSION = 1;
				DYLIB_CURRENT_VERSION = 1;
				DYLIB_INSTALL_NAME_BASE = "@rpath";
				INFOPLIST_FILE = Vectors/Info.plist;
				INSTALL_PATH = "$(LOCAL_LIBRARY_DIR)/Frameworks";
				LD_RUNPATH_SEARCH_PATHS = (
					"$(inherited)",
					"@executable_path/Frameworks",
					"@loader_path/Frameworks",
				);
				PRODUCT_BUNDLE_IDENTIFIER = com.lochiwei.Vectors;
				PRODUCT_NAME = "$(TARGET_NAME:c99extidentifier)";
				SKIP_INSTALL = YES;
				SWIFT_OPTIMIZATION_LEVEL = "-Onone";
				SWIFT_VERSION = 4.0;
				TARGETED_DEVICE_FAMILY = "1,2";
			};
			name = Debug;
		};
		1A796329210049A900D5A4FD /* Release */ = {
			isa = XCBuildConfiguration;
			buildSettings = {
				CLANG_ENABLE_MODULES = YES;
				CODE_SIGN_IDENTITY = "";
				CODE_SIGN_STYLE = Automatic;
				DEFINES_MODULE = YES;
				DEVELOPMENT_TEAM = 37W4K5Y2Y5;
				DYLIB_COMPATIBILITY_VERSION = 1;
				DYLIB_CURRENT_VERSION = 1;
				DYLIB_INSTALL_NAME_BASE = "@rpath";
				INFOPLIST_FILE = Vectors/Info.plist;
				INSTALL_PATH = "$(LOCAL_LIBRARY_DIR)/Frameworks";
				LD_RUNPATH_SEARCH_PATHS = (
					"$(inherited)",
					"@executable_path/Frameworks",
					"@loader_path/Frameworks",
				);
				PRODUCT_BUNDLE_IDENTIFIER = com.lochiwei.Vectors;
				PRODUCT_NAME = "$(TARGET_NAME:c99extidentifier)";
				SKIP_INSTALL = YES;
				SWIFT_VERSION = 4.0;
				TARGETED_DEVICE_FAMILY = "1,2";
			};
			name = Release;
		};
		1A79632B210049A900D5A4FD /* Debug */ = {
			isa = XCBuildConfiguration;
			buildSettings = {
				ALWAYS_EMBED_SWIFT_STANDARD_LIBRARIES = YES;
				CODE_SIGN_STYLE = Automatic;
				DEVELOPMENT_TEAM = 37W4K5Y2Y5;
				INFOPLIST_FILE = VectorsTests/Info.plist;
				LD_RUNPATH_SEARCH_PATHS = (
					"$(inherited)",
					"@executable_path/Frameworks",
					"@loader_path/Frameworks",
				);
				PRODUCT_BUNDLE_IDENTIFIER = com.lochiwei.VectorsTests;
				PRODUCT_NAME = "$(TARGET_NAME)";
				SWIFT_VERSION = 4.0;
				TARGETED_DEVICE_FAMILY = "1,2";
			};
			name = Debug;
		};
		1A79632C210049A900D5A4FD /* Release */ = {
			isa = XCBuildConfiguration;
			buildSettings = {
				ALWAYS_EMBED_SWIFT_STANDARD_LIBRARIES = YES;
				CODE_SIGN_STYLE = Automatic;
				DEVELOPMENT_TEAM = 37W4K5Y2Y5;
				INFOPLIST_FILE = VectorsTests/Info.plist;
				LD_RUNPATH_SEARCH_PATHS = (
					"$(inherited)",
					"@executable_path/Frameworks",
					"@loader_path/Frameworks",
				);
				PRODUCT_BUNDLE_IDENTIFIER = com.lochiwei.VectorsTests;
				PRODUCT_NAME = "$(TARGET_NAME)";
				SWIFT_VERSION = 4.0;
				TARGETED_DEVICE_FAMILY = "1,2";
			};
			name = Release;
		};
/* End XCBuildConfiguration section */

/* Begin XCConfigurationList section */
		1A79630D210049A900D5A4FD /* Build configuration list for PBXProject "Vectors" */ = {
			isa = XCConfigurationList;
			buildConfigurations = (
				1A796325210049A900D5A4FD /* Debug */,
				1A796326210049A900D5A4FD /* Release */,
			);
			defaultConfigurationIsVisible = 0;
			defaultConfigurationName = Release;
		};
		1A796327210049A900D5A4FD /* Build configuration list for PBXNativeTarget "Vectors" */ = {
			isa = XCConfigurationList;
			buildConfigurations = (
				1A796328210049A900D5A4FD /* Debug */,
				1A796329210049A900D5A4FD /* Release */,
			);
			defaultConfigurationIsVisible = 0;
			defaultConfigurationName = Release;
		};
		1A79632A210049A900D5A4FD /* Build configuration list for PBXNativeTarget "VectorsTests" */ = {
			isa = XCConfigurationList;
			buildConfigurations = (
				1A79632B210049A900D5A4FD /* Debug */,
				1A79632C210049A900D5A4FD /* Release */,
			);
			defaultConfigurationIsVisible = 0;
			defaultConfigurationName = Release;
		};
/* End XCConfigurationList section */
	};
	rootObject = 1A79630A210049A900D5A4FD /* Project object */;
}
